// !$*UTF8*$!
{
	archiveVersion = 1;
	classes = {
	};
	objectVersion = 46;
	objects = {

/* Begin PBXBuildFile section */
		D33D5F9E1B7C92B7002C09D7 /* main.m in Sources */ = {isa = PBXBuildFile; fileRef = D33D5F9D1B7C92B7002C09D7 /* main.m */; };
		D33D5FA11B7C92B7002C09D7 /* AppDelegate.m in Sources */ = {isa = PBXBuildFile; fileRef = D33D5FA01B7C92B7002C09D7 /* AppDelegate.m */; };
		D33D5FA41B7C92B7002C09D7 /* ViewController.m in Sources */ = {isa = PBXBuildFile; fileRef = D33D5FA31B7C92B7002C09D7 /* ViewController.m */; };
		D33D5FA71B7C92B7002C09D7 /* Main.storyboard in Resources */ = {isa = PBXBuildFile; fileRef = D33D5FA51B7C92B7002C09D7 /* Main.storyboard */; };
		D33D5FA91B7C92B7002C09D7 /* Images.xcassets in Resources */ = {isa = PBXBuildFile; fileRef = D33D5FA81B7C92B7002C09D7 /* Images.xcassets */; };
		D33D5FAC1B7C92B7002C09D7 /* LaunchScreen.xib in Resources */ = {isa = PBXBuildFile; fileRef = D33D5FAA1B7C92B7002C09D7 /* LaunchScreen.xib */; };
		D33D5FB81B7C92B7002C09D7 /* RACApp1Tests.m in Sources */ = {isa = PBXBuildFile; fileRef = D33D5FB71B7C92B7002C09D7 /* RACApp1Tests.m */; };
		D8B799B4904FEBD9869B34CA /* libPods.a in Frameworks */ = {isa = PBXBuildFile; fileRef = 65A6BEEFA4F5F5DE6E070BB9 /* libPods.a */; };
/* End PBXBuildFile section */

/* Begin PBXContainerItemProxy section */
		D33D5FB21B7C92B7002C09D7 /* PBXContainerItemProxy */ = {
			isa = PBXContainerItemProxy;
			containerPortal = D33D5F901B7C92B7002C09D7 /* Project object */;
			proxyType = 1;
			remoteGlobalIDString = D33D5F971B7C92B7002C09D7;
			remoteInfo = RACApp1;
		};
/* End PBXContainerItemProxy section */

/* Begin PBXFileReference section */
		2F02912208210CFF99D53093 /* Pods.release.xcconfig */ = {isa = PBXFileReference; includeInIndex = 1; lastKnownFileType = text.xcconfig; name = Pods.release.xcconfig; path = "Pods/Target Support Files/Pods/Pods.release.xcconfig"; sourceTree = "<group>"; };
		65A6BEEFA4F5F5DE6E070BB9 /* libPods.a */ = {isa = PBXFileReference; explicitFileType = archive.ar; includeInIndex = 0; path = libPods.a; sourceTree = BUILT_PRODUCTS_DIR; };
		D33D5F981B7C92B7002C09D7 /* RACApp1.app */ = {isa = PBXFileReference; explicitFileType = wrapper.application; includeInIndex = 0; path = RACApp1.app; sourceTree = BUILT_PRODUCTS_DIR; };
		D33D5F9C1B7C92B7002C09D7 /* Info.plist */ = {isa = PBXFileReference; lastKnownFileType = text.plist.xml; path = Info.plist; sourceTree = "<group>"; };
		D33D5F9D1B7C92B7002C09D7 /* main.m */ = {isa = PBXFileReference; lastKnownFileType = sourcecode.c.objc; path = main.m; sourceTree = "<group>"; };
		D33D5F9F1B7C92B7002C09D7 /* AppDelegate.h */ = {isa = PBXFileReference; lastKnownFileType = sourcecode.c.h; path = AppDelegate.h; sourceTree = "<group>"; };
		D33D5FA01B7C92B7002C09D7 /* AppDelegate.m */ = {isa = PBXFileReference; lastKnownFileType = sourcecode.c.objc; path = AppDelegate.m; sourceTree = "<group>"; };
		D33D5FA21B7C92B7002C09D7 /* ViewController.h */ = {isa = PBXFileReference; lastKnownFileType = sourcecode.c.h; path = ViewController.h; sourceTree = "<group>"; };
		D33D5FA31B7C92B7002C09D7 /* ViewController.m */ = {isa = PBXFileReference; lastKnownFileType = sourcecode.c.objc; path = ViewController.m; sourceTree = "<group>"; };
		D33D5FA61B7C92B7002C09D7 /* Base */ = {isa = PBXFileReference; lastKnownFileType = file.storyboard; name = Base; path = Base.lproj/Main.storyboard; sourceTree = "<group>"; };
		D33D5FA81B7C92B7002C09D7 /* Images.xcassets */ = {isa = PBXFileReference; lastKnownFileType = folder.assetcatalog; path = Images.xcassets; sourceTree = "<group>"; };
		D33D5FAB1B7C92B7002C09D7 /* Base */ = {isa = PBXFileReference; lastKnownFileType = file.xib; name = Base; path = Base.lproj/LaunchScreen.xib; sourceTree = "<group>"; };
		D33D5FB11B7C92B7002C09D7 /* RACApp1Tests.xctest */ = {isa = PBXFileReference; explicitFileType = wrapper.cfbundle; includeInIndex = 0; path = RACApp1Tests.xctest; sourceTree = BUILT_PRODUCTS_DIR; };
		D33D5FB61B7C92B7002C09D7 /* Info.plist */ = {isa = PBXFileReference; lastKnownFileType = text.plist.xml; path = Info.plist; sourceTree = "<group>"; };
		D33D5FB71B7C92B7002C09D7 /* RACApp1Tests.m */ = {isa = PBXFileReference; lastKnownFileType = sourcecode.c.objc; path = RACApp1Tests.m; sourceTree = "<group>"; };
		F0678066CD5F6401FD1CEDB2 /* Pods.debug.xcconfig */ = {isa = PBXFileReference; includeInIndex = 1; lastKnownFileType = text.xcconfig; name = Pods.debug.xcconfig; path = "Pods/Target Support Files/Pods/Pods.debug.xcconfig"; sourceTree = "<group>"; };
/* End PBXFileReference section */

/* Begin PBXFrameworksBuildPhase section */
		D33D5F951B7C92B7002C09D7 /* Frameworks */ = {
			isa = PBXFrameworksBuildPhase;
			buildActionMask = 2147483647;
			files = (
				D8B799B4904FEBD9869B34CA /* libPods.a in Frameworks */,
			);
			runOnlyForDeploymentPostprocessing = 0;
		};
		D33D5FAE1B7C92B7002C09D7 /* Frameworks */ = {
			isa = PBXFrameworksBuildPhase;
			buildActionMask = 2147483647;
			files = (
			);
			runOnlyForDeploymentPostprocessing = 0;
		};
/* End PBXFrameworksBuildPhase section */

/* Begin PBXGroup section */
		C7A1BAB38E49BF28DE221C81 /* Frameworks */ = {
			isa = PBXGroup;
			children = (
				65A6BEEFA4F5F5DE6E070BB9 /* libPods.a */,
			);
			name = Frameworks;
			sourceTree = "<group>";
		};
		D33D5F8F1B7C92B7002C09D7 = {
			isa = PBXGroup;
			children = (
				D33D5F9A1B7C92B7002C09D7 /* RACApp1 */,
				D33D5FB41B7C92B7002C09D7 /* RACApp1Tests */,
				D33D5F991B7C92B7002C09D7 /* Products */,
				DCA4E0B59704C537C43FACF6 /* Pods */,
				C7A1BAB38E49BF28DE221C81 /* Frameworks */,
			);
			sourceTree = "<group>";
		};
		D33D5F991B7C92B7002C09D7 /* Products */ = {
			isa = PBXGroup;
			children = (
				D33D5F981B7C92B7002C09D7 /* RACApp1.app */,
				D33D5FB11B7C92B7002C09D7 /* RACApp1Tests.xctest */,
			);
			name = Products;
			sourceTree = "<group>";
		};
		D33D5F9A1B7C92B7002C09D7 /* RACApp1 */ = {
			isa = PBXGroup;
			children = (
				D33D5F9F1B7C92B7002C09D7 /* AppDelegate.h */,
				D33D5FA01B7C92B7002C09D7 /* AppDelegate.m */,
				D33D5FA21B7C92B7002C09D7 /* ViewController.h */,
				D33D5FA31B7C92B7002C09D7 /* ViewController.m */,
				D33D5FA51B7C92B7002C09D7 /* Main.storyboard */,
				D33D5FA81B7C92B7002C09D7 /* Images.xcassets */,
				D33D5FAA1B7C92B7002C09D7 /* LaunchScreen.xib */,
				D33D5F9B1B7C92B7002C09D7 /* Supporting Files */,
			);
			path = RACApp1;
			sourceTree = "<group>";
		};
		D33D5F9B1B7C92B7002C09D7 /* Supporting Files */ = {
			isa = PBXGroup;
			children = (
				D33D5F9C1B7C92B7002C09D7 /* Info.plist */,
				D33D5F9D1B7C92B7002C09D7 /* main.m */,
			);
			name = "Supporting Files";
			sourceTree = "<group>";
		};
		D33D5FB41B7C92B7002C09D7 /* RACApp1Tests */ = {
			isa = PBXGroup;
			children = (
				D33D5FB71B7C92B7002C09D7 /* RACApp1Tests.m */,
				D33D5FB51B7C92B7002C09D7 /* Supporting Files */,
			);
			path = RACApp1Tests;
			sourceTree = "<group>";
		};
		D33D5FB51B7C92B7002C09D7 /* Supporting Files */ = {
			isa = PBXGroup;
			children = (
				D33D5FB61B7C92B7002C09D7 /* Info.plist */,
			);
			name = "Supporting Files";
			sourceTree = "<group>";
		};
		DCA4E0B59704C537C43FACF6 /* Pods */ = {
			isa = PBXGroup;
			children = (
				F0678066CD5F6401FD1CEDB2 /* Pods.debug.xcconfig */,
				2F02912208210CFF99D53093 /* Pods.release.xcconfig */,
			);
			name = Pods;
			sourceTree = "<group>";
		};
/* End PBXGroup section */

/* Begin PBXNativeTarget section */
		D33D5F971B7C92B7002C09D7 /* RACApp1 */ = {
			isa = PBXNativeTarget;
			buildConfigurationList = D33D5FBB1B7C92B7002C09D7 /* Build configuration list for PBXNativeTarget "RACApp1" */;
			buildPhases = (
				A125CB1323BF5B4935DFEBEA /* Check Pods Manifest.lock */,
				D33D5F941B7C92B7002C09D7 /* Sources */,
				D33D5F951B7C92B7002C09D7 /* Frameworks */,
				D33D5F961B7C92B7002C09D7 /* Resources */,
				383969DAAB719DC172636BDF /* Copy Pods Resources */,
			);
			buildRules = (
			);
			dependencies = (
			);
			name = RACApp1;
			productName = RACApp1;
			productReference = D33D5F981B7C92B7002C09D7 /* RACApp1.app */;
			productType = "com.apple.product-type.application";
		};
		D33D5FB01B7C92B7002C09D7 /* RACApp1Tests */ = {
			isa = PBXNativeTarget;
			buildConfigurationList = D33D5FBE1B7C92B7002C09D7 /* Build configuration list for PBXNativeTarget "RACApp1Tests" */;
			buildPhases = (
				D33D5FAD1B7C92B7002C09D7 /* Sources */,
				D33D5FAE1B7C92B7002C09D7 /* Frameworks */,
				D33D5FAF1B7C92B7002C09D7 /* Resources */,
			);
			buildRules = (
			);
			dependencies = (
				D33D5FB31B7C92B7002C09D7 /* PBXTargetDependency */,
			);
			name = RACApp1Tests;
			productName = RACApp1Tests;
			productReference = D33D5FB11B7C92B7002C09D7 /* RACApp1Tests.xctest */;
			productType = "com.apple.product-type.bundle.unit-test";
		};
/* End PBXNativeTarget section */

/* Begin PBXProject section */
		D33D5F901B7C92B7002C09D7 /* Project object */ = {
			isa = PBXProject;
			attributes = {
				LastUpgradeCheck = 0640;
				ORGANIZATIONNAME = "Raunak Talwar";
				TargetAttributes = {
					D33D5F971B7C92B7002C09D7 = {
						CreatedOnToolsVersion = 6.4;
					};
					D33D5FB01B7C92B7002C09D7 = {
						CreatedOnToolsVersion = 6.4;
						TestTargetID = D33D5F971B7C92B7002C09D7;
					};
				};
			};
			buildConfigurationList = D33D5F931B7C92B7002C09D7 /* Build configuration list for PBXProject "RACApp1" */;
			compatibilityVersion = "Xcode 3.2";
			developmentRegion = English;
			hasScannedForEncodings = 0;
			knownRegions = (
				en,
				Base,
			);
			mainGroup = D33D5F8F1B7C92B7002C09D7;
			productRefGroup = D33D5F991B7C92B7002C09D7 /* Products */;
			projectDirPath = "";
			projectRoot = "";
			targets = (
				D33D5F971B7C92B7002C09D7 /* RACApp1 */,
				D33D5FB01B7C92B7002C09D7 /* RACApp1Tests */,
			);
		};
/* End PBXProject section */

/* Begin PBXResourcesBuildPhase section */
		D33D5F961B7C92B7002C09D7 /* Resources */ = {
			isa = PBXResourcesBuildPhase;
			buildActionMask = 2147483647;
			files = (
				D33D5FA71B7C92B7002C09D7 /* Main.storyboard in Resources */,
				D33D5FAC1B7C92B7002C09D7 /* LaunchScreen.xib in Resources */,
				D33D5FA91B7C92B7002C09D7 /* Images.xcassets in Resources */,
			);
			runOnlyForDeploymentPostprocessing = 0;
		};
		D33D5FAF1B7C92B7002C09D7 /* Resources */ = {
			isa = PBXResourcesBuildPhase;
			buildActionMask = 2147483647;
			files = (
			);
			runOnlyForDeploymentPostprocessing = 0;
		};
/* End PBXResourcesBuildPhase section */

/* Begin PBXShellScriptBuildPhase section */
		383969DAAB719DC172636BDF /* Copy Pods Resources */ = {
			isa = PBXShellScriptBuildPhase;
			buildActionMask = 2147483647;
			files = (
			);
			inputPaths = (
			);
			name = "Copy Pods Resources";
			outputPaths = (
			);
			runOnlyForDeploymentPostprocessing = 0;
			shellPath = /bin/sh;
			shellScript = "\"${SRCROOT}/Pods/Target Support Files/Pods/Pods-resources.sh\"\n";
			showEnvVarsInLog = 0;
		};
		A125CB1323BF5B4935DFEBEA /* Check Pods Manifest.lock */ = {
			isa = PBXShellScriptBuildPhase;
			buildActionMask = 2147483647;
			files = (
			);
			inputPaths = (
			);
			name = "Check Pods Manifest.lock";
			outputPaths = (
			);
			runOnlyForDeploymentPostprocessing = 0;
			shellPath = /bin/sh;
			shellScript = "diff \"${PODS_ROOT}/../Podfile.lock\" \"${PODS_ROOT}/Manifest.lock\" > /dev/null\nif [[ $? != 0 ]] ; then\n    cat << EOM\nerror: The sandbox is not in sync with the Podfile.lock. Run 'pod install' or update your CocoaPods installation.\nEOM\n    exit 1\nfi\n";
			showEnvVarsInLog = 0;
		};
/* End PBXShellScriptBuildPhase section */

/* Begin PBXSourcesBuildPhase section */
		D33D5F941B7C92B7002C09D7 /* Sources */ = {
			isa = PBXSourcesBuildPhase;
			buildActionMask = 2147483647;
			files = (
				D33D5FA41B7C92B7002C09D7 /* ViewController.m in Sources */,
				D33D5FA11B7C92B7002C09D7 /* AppDelegate.m in Sources */,
				D33D5F9E1B7C92B7002C09D7 /* main.m in Sources */,
			);
			runOnlyForDeploymentPostprocessing = 0;
		};
		D33D5FAD1B7C92B7002C09D7 /* Sources */ = {
			isa = PBXSourcesBuildPhase;
			buildActionMask = 2147483647;
			files = (
				D33D5FB81B7C92B7002C09D7 /* RACApp1Tests.m in Sources */,
			);
			runOnlyForDeploymentPostprocessing = 0;
		};
/* End PBXSourcesBuildPhase section */

/* Begin PBXTargetDependency section */
		D33D5FB31B7C92B7002C09D7 /* PBXTargetDependency */ = {
			isa = PBXTargetDependency;
			target = D33D5F971B7C92B7002C09D7 /* RACApp1 */;
			targetProxy = D33D5FB21B7C92B7002C09D7 /* PBXContainerItemProxy */;
		};
/* End PBXTargetDependency section */

/* Begin PBXVariantGroup section */
		D33D5FA51B7C92B7002C09D7 /* Main.storyboard */ = {
			isa = PBXVariantGroup;
			children = (
				D33D5FA61B7C92B7002C09D7 /* Base */,
			);
			name = Main.storyboard;
			sourceTree = "<group>";
		};
		D33D5FAA1B7C92B7002C09D7 /* LaunchScreen.xib */ = {
			isa = PBXVariantGroup;
			children = (
				D33D5FAB1B7C92B7002C09D7 /* Base */,
			);
			name = LaunchScreen.xib;
			sourceTree = "<group>";
		};
/* End PBXVariantGroup section */

/* Begin XCBuildConfiguration section */
		D33D5FB91B7C92B7002C09D7 /* Debug */ = {
			isa = XCBuildConfiguration;
			buildSettings = {
				ALWAYS_SEARCH_USER_PATHS = NO;
				CLANG_CXX_LANGUAGE_STANDARD = "gnu++0x";
				CLANG_CXX_LIBRARY = "libc++";
				CLANG_ENABLE_MODULES = YES;
				CLANG_ENABLE_OBJC_ARC = YES;
				CLANG_WARN_BOOL_CONVERSION = YES;
				CLANG_WARN_CONSTANT_CONVERSION = YES;
				CLANG_WARN_DIRECT_OBJC_ISA_USAGE = YES_ERROR;
				CLANG_WARN_EMPTY_BODY = YES;
				CLANG_WARN_ENUM_CONVERSION = YES;
				CLANG_WARN_INT_CONVERSION = YES;
				CLANG_WARN_OBJC_ROOT_CLASS = YES_ERROR;
				CLANG_WARN_UNREACHABLE_CODE = YES;
				CLANG_WARN__DUPLICATE_METHOD_MATCH = YES;
				"CODE_SIGN_IDENTITY[sdk=iphoneos*]" = "iPhone Developer";
				COPY_PHASE_STRIP = NO;
				DEBUG_INFORMATION_FORMAT = "dwarf-with-dsym";
				ENABLE_STRICT_OBJC_MSGSEND = YES;
				GCC_C_LANGUAGE_STANDARD = gnu99;
				GCC_DYNAMIC_NO_PIC = NO;
				GCC_NO_COMMON_BLOCKS = YES;
				GCC_OPTIMIZATION_LEVEL = 0;
				GCC_PREPROCESSOR_DEFINITIONS = (
					"DEBUG=1",
					"$(inherited)",
				);
				GCC_SYMBOLS_PRIVATE_EXTERN = NO;
				GCC_WARN_64_TO_32_BIT_CONVERSION = YES;
				GCC_WARN_ABOUT_RETURN_TYPE = YES_ERROR;
				GCC_WARN_UNDECLARED_SELECTOR = YES;
				GCC_WARN_UNINITIALIZED_AUTOS = YES_AGGRESSIVE;
				GCC_WARN_UNUSED_FUNCTION = YES;
				GCC_WARN_UNUSED_VARIABLE = YES;
				IPHONEOS_DEPLOYMENT_TARGET = 8.4;
				MTL_ENABLE_DEBUG_INFO = YES;
				ONLY_ACTIVE_ARCH = YES;
				SDKROOT = iphoneos;
				TARGETED_DEVICE_FAMILY = "1,2";
			};
			name = Debug;
		};
		D33D5FBA1B7C92B7002C09D7 /* Release */ = {
			isa = XCBuildConfiguration;
			buildSettings = {
				ALWAYS_SEARCH_USER_PATHS = NO;
				CLANG_CXX_LANGUAGE_STANDARD = "gnu++0x";
				CLANG_CXX_LIBRARY = "libc++";
				CLANG_ENABLE_MODULES = YES;
				CLANG_ENABLE_OBJC_ARC = YES;
				CLANG_WARN_BOOL_CONVERSION = YES;
				CLANG_WARN_CONSTANT_CONVERSION = YES;
				CLANG_WARN_DIRECT_OBJC_ISA_USAGE = YES_ERROR;
				CLANG_WARN_EMPTY_BODY = YES;
				CLANG_WARN_ENUM_CONVERSION = YES;
				CLANG_WARN_INT_CONVERSION = YES;
				CLANG_WARN_OBJC_ROOT_CLASS = YES_ERROR;
				CLANG_WARN_UNREACHABLE_CODE = YES;
				CLANG_WARN__DUPLICATE_METHOD_MATCH = YES;
				"CODE_SIGN_IDENTITY[sdk=iphoneos*]" = "iPhone Developer";
				COPY_PHASE_STRIP = NO;
				DEBUG_INFORMATION_FORMAT = "dwarf-with-dsym";
				ENABLE_NS_ASSERTIONS = NO;
				ENABLE_STRICT_OBJC_MSGSEND = YES;
				GCC_C_LANGUAGE_STANDARD = gnu99;
				GCC_NO_COMMON_BLOCKS = YES;
				GCC_WARN_64_TO_32_BIT_CONVERSION = YES;
				GCC_WARN_ABOUT_RETURN_TYPE = YES_ERROR;
				GCC_WARN_UNDECLARED_SELECTOR = YES;
				GCC_WARN_UNINITIALIZED_AUTOS = YES_AGGRESSIVE;
				GCC_WARN_UNUSED_FUNCTION = YES;
				GCC_WARN_UNUSED_VARIABLE = YES;
				IPHONEOS_DEPLOYMENT_TARGET = 8.4;
				MTL_ENABLE_DEBUG_INFO = NO;
				SDKROOT = iphoneos;
				TARGETED_DEVICE_FAMILY = "1,2";
				VALIDATE_PRODUCT = YES;
			};
			name = Release;
		};
		D33D5FBC1B7C92B7002C09D7 /* Debug */ = {
			isa = XCBuildConfiguration;
			baseConfigurationReference = F0678066CD5F6401FD1CEDB2 /* Pods.debug.xcconfig */;
			buildSettings = {
				ASSETCATALOG_COMPILER_APPICON_NAME = AppIcon;
				INFOPLIST_FILE = RACApp1/Info.plist;
				LD_RUNPATH_SEARCH_PATHS = "$(inherited) @executable_path/Frameworks";
				PRODUCT_NAME = "$(TARGET_NAME)";
			};
			name = Debug;
		};
		D33D5FBD1B7C92B7002C09D7 /* Release */ = {
			isa = XCBuildConfiguration;
			baseConfigurationReference = 2F02912208210CFF99D53093 /* Pods.release.xcconfig */;
			buildSettings = {
				ASSETCATALOG_COMPILER_APPICON_NAME = AppIcon;
				INFOPLIST_FILE = RACApp1/Info.plist;
				LD_RUNPATH_SEARCH_PATHS = "$(inherited) @executable_path/Frameworks";
				PRODUCT_NAME = "$(TARGET_NAME)";
			};
			name = Release;
		};
		D33D5FBF1B7C92B7002C09D7 /* Debug */ = {
			isa = XCBuildConfiguration;
			buildSettings = {
				BUNDLE_LOADER = "$(TEST_HOST)";
				FRAMEWORK_SEARCH_PATHS = (
					"$(SDKROOT)/Developer/Library/Frameworks",
					"$(inherited)",
				);
				GCC_PREPROCESSOR_DEFINITIONS = (
					"DEBUG=1",
					"$(inherited)",
				);
				INFOPLIST_FILE = RACApp1Tests/Info.plist;
				LD_RUNPATH_SEARCH_PATHS = "$(inherited) @executable_path/Frameworks @loader_path/Frameworks";
				PRODUCT_NAME = "$(TARGET_NAME)";
				TEST_HOST = "$(BUILT_PRODUCTS_DIR)/RACApp1.app/RACApp1";
			};
			name = Debug;
		};
		D33D5FC01B7C92B7002C09D7 /* Release */ = {
			isa = XCBuildConfiguration;
			buildSettings = {
				BUNDLE_LOADER = "$(TEST_HOST)";
				FRAMEWORK_SEARCH_PATHS = (
					"$(SDKROOT)/Developer/Library/Frameworks",
					"$(inherited)",
				);
				INFOPLIST_FILE = RACApp1Tests/Info.plist;
				LD_RUNPATH_SEARCH_PATHS = "$(inherited) @executable_path/Frameworks @loader_path/Frameworks";
				PRODUCT_NAME = "$(TARGET_NAME)";
				TEST_HOST = "$(BUILT_PRODUCTS_DIR)/RACApp1.app/RACApp1";
			};
			name = Release;
		};
/* End XCBuildConfiguration section */

/* Begin XCConfigurationList section */
		D33D5F931B7C92B7002C09D7 /* Build configuration list for PBXProject "RACApp1" */ = {
			isa = XCConfigurationList;
			buildConfigurations = (
				D33D5FB91B7C92B7002C09D7 /* Debug */,
				D33D5FBA1B7C92B7002C09D7 /* Release */,
			);
			defaultConfigurationIsVisible = 0;
			defaultConfigurationName = Release;
		};
		D33D5FBB1B7C92B7002C09D7 /* Build configuration list for PBXNativeTarget "RACApp1" */ = {
			isa = XCConfigurationList;
			buildConfigurations = (
				D33D5FBC1B7C92B7002C09D7 /* Debug */,
				D33D5FBD1B7C92B7002C09D7 /* Release */,
			);
			defaultConfigurationIsVisible = 0;
			defaultConfigurationName = Release;
		};
		D33D5FBE1B7C92B7002C09D7 /* Build configuration list for PBXNativeTarget "RACApp1Tests" */ = {
			isa = XCConfigurationList;
			buildConfigurations = (
				D33D5FBF1B7C92B7002C09D7 /* Debug */,
				D33D5FC01B7C92B7002C09D7 /* Release */,
			);
			defaultConfigurationIsVisible = 0;
			defaultConfigurationName = Release;
		};
/* End XCConfigurationList section */
	};
	rootObject = D33D5F901B7C92B7002C09D7 /* Project object */;
}
