// !$*UTF8*$!
{
	archiveVersion = 1;
	classes = {
	};
	objectVersion = 46;
	objects = {

/* Begin PBXBuildFile section */
		D39018E31B8AD3C6002D9B16 /* main.m in Sources */ = {isa = PBXBuildFile; fileRef = D39018E21B8AD3C6002D9B16 /* main.m */; };
		D39018E61B8AD3C6002D9B16 /* AppDelegate.m in Sources */ = {isa = PBXBuildFile; fileRef = D39018E51B8AD3C6002D9B16 /* AppDelegate.m */; };
		D39018E91B8AD3C6002D9B16 /* ViewController.m in Sources */ = {isa = PBXBuildFile; fileRef = D39018E81B8AD3C6002D9B16 /* ViewController.m */; };
		D39018EC1B8AD3C6002D9B16 /* Main.storyboard in Resources */ = {isa = PBXBuildFile; fileRef = D39018EA1B8AD3C6002D9B16 /* Main.storyboard */; };
		D39018EE1B8AD3C6002D9B16 /* Images.xcassets in Resources */ = {isa = PBXBuildFile; fileRef = D39018ED1B8AD3C6002D9B16 /* Images.xcassets */; };
		D39018F11B8AD3C6002D9B16 /* LaunchScreen.xib in Resources */ = {isa = PBXBuildFile; fileRef = D39018EF1B8AD3C6002D9B16 /* LaunchScreen.xib */; };
		D39018FD1B8AD3C6002D9B16 /* mapView3Tests.m in Sources */ = {isa = PBXBuildFile; fileRef = D39018FC1B8AD3C6002D9B16 /* mapView3Tests.m */; };
/* End PBXBuildFile section */

/* Begin PBXContainerItemProxy section */
		D39018F71B8AD3C6002D9B16 /* PBXContainerItemProxy */ = {
			isa = PBXContainerItemProxy;
			containerPortal = D39018D51B8AD3C5002D9B16 /* Project object */;
			proxyType = 1;
			remoteGlobalIDString = D39018DC1B8AD3C6002D9B16;
			remoteInfo = mapView3;
		};
/* End PBXContainerItemProxy section */

/* Begin PBXFileReference section */
		D39018DD1B8AD3C6002D9B16 /* mapView3.app */ = {isa = PBXFileReference; explicitFileType = wrapper.application; includeInIndex = 0; path = mapView3.app; sourceTree = BUILT_PRODUCTS_DIR; };
		D39018E11B8AD3C6002D9B16 /* Info.plist */ = {isa = PBXFileReference; lastKnownFileType = text.plist.xml; path = Info.plist; sourceTree = "<group>"; };
		D39018E21B8AD3C6002D9B16 /* main.m */ = {isa = PBXFileReference; lastKnownFileType = sourcecode.c.objc; path = main.m; sourceTree = "<group>"; };
		D39018E41B8AD3C6002D9B16 /* AppDelegate.h */ = {isa = PBXFileReference; lastKnownFileType = sourcecode.c.h; path = AppDelegate.h; sourceTree = "<group>"; };
		D39018E51B8AD3C6002D9B16 /* AppDelegate.m */ = {isa = PBXFileReference; lastKnownFileType = sourcecode.c.objc; path = AppDelegate.m; sourceTree = "<group>"; };
		D39018E71B8AD3C6002D9B16 /* ViewController.h */ = {isa = PBXFileReference; lastKnownFileType = sourcecode.c.h; path = ViewController.h; sourceTree = "<group>"; };
		D39018E81B8AD3C6002D9B16 /* ViewController.m */ = {isa = PBXFileReference; lastKnownFileType = sourcecode.c.objc; path = ViewController.m; sourceTree = "<group>"; };
		D39018EB1B8AD3C6002D9B16 /* Base */ = {isa = PBXFileReference; lastKnownFileType = file.storyboard; name = Base; path = Base.lproj/Main.storyboard; sourceTree = "<group>"; };
		D39018ED1B8AD3C6002D9B16 /* Images.xcassets */ = {isa = PBXFileReference; lastKnownFileType = folder.assetcatalog; path = Images.xcassets; sourceTree = "<group>"; };
		D39018F01B8AD3C6002D9B16 /* Base */ = {isa = PBXFileReference; lastKnownFileType = file.xib; name = Base; path = Base.lproj/LaunchScreen.xib; sourceTree = "<group>"; };
		D39018F61B8AD3C6002D9B16 /* mapView3Tests.xctest */ = {isa = PBXFileReference; explicitFileType = wrapper.cfbundle; includeInIndex = 0; path = mapView3Tests.xctest; sourceTree = BUILT_PRODUCTS_DIR; };
		D39018FB1B8AD3C6002D9B16 /* Info.plist */ = {isa = PBXFileReference; lastKnownFileType = text.plist.xml; path = Info.plist; sourceTree = "<group>"; };
		D39018FC1B8AD3C6002D9B16 /* mapView3Tests.m */ = {isa = PBXFileReference; lastKnownFileType = sourcecode.c.objc; path = mapView3Tests.m; sourceTree = "<group>"; };
/* End PBXFileReference section */

/* Begin PBXFrameworksBuildPhase section */
		D39018DA1B8AD3C6002D9B16 /* Frameworks */ = {
			isa = PBXFrameworksBuildPhase;
			buildActionMask = 2147483647;
			files = (
			);
			runOnlyForDeploymentPostprocessing = 0;
		};
		D39018F31B8AD3C6002D9B16 /* Frameworks */ = {
			isa = PBXFrameworksBuildPhase;
			buildActionMask = 2147483647;
			files = (
			);
			runOnlyForDeploymentPostprocessing = 0;
		};
/* End PBXFrameworksBuildPhase section */

/* Begin PBXGroup section */
		D39018D41B8AD3C5002D9B16 = {
			isa = PBXGroup;
			children = (
				D39018DF1B8AD3C6002D9B16 /* mapView3 */,
				D39018F91B8AD3C6002D9B16 /* mapView3Tests */,
				D39018DE1B8AD3C6002D9B16 /* Products */,
			);
			sourceTree = "<group>";
		};
		D39018DE1B8AD3C6002D9B16 /* Products */ = {
			isa = PBXGroup;
			children = (
				D39018DD1B8AD3C6002D9B16 /* mapView3.app */,
				D39018F61B8AD3C6002D9B16 /* mapView3Tests.xctest */,
			);
			name = Products;
			sourceTree = "<group>";
		};
		D39018DF1B8AD3C6002D9B16 /* mapView3 */ = {
			isa = PBXGroup;
			children = (
				D39018E41B8AD3C6002D9B16 /* AppDelegate.h */,
				D39018E51B8AD3C6002D9B16 /* AppDelegate.m */,
				D39018E71B8AD3C6002D9B16 /* ViewController.h */,
				D39018E81B8AD3C6002D9B16 /* ViewController.m */,
				D39018EA1B8AD3C6002D9B16 /* Main.storyboard */,
				D39018ED1B8AD3C6002D9B16 /* Images.xcassets */,
				D39018EF1B8AD3C6002D9B16 /* LaunchScreen.xib */,
				D39018E01B8AD3C6002D9B16 /* Supporting Files */,
			);
			path = mapView3;
			sourceTree = "<group>";
		};
		D39018E01B8AD3C6002D9B16 /* Supporting Files */ = {
			isa = PBXGroup;
			children = (
				D39018E11B8AD3C6002D9B16 /* Info.plist */,
				D39018E21B8AD3C6002D9B16 /* main.m */,
			);
			name = "Supporting Files";
			sourceTree = "<group>";
		};
		D39018F91B8AD3C6002D9B16 /* mapView3Tests */ = {
			isa = PBXGroup;
			children = (
				D39018FC1B8AD3C6002D9B16 /* mapView3Tests.m */,
				D39018FA1B8AD3C6002D9B16 /* Supporting Files */,
			);
			path = mapView3Tests;
			sourceTree = "<group>";
		};
		D39018FA1B8AD3C6002D9B16 /* Supporting Files */ = {
			isa = PBXGroup;
			children = (
				D39018FB1B8AD3C6002D9B16 /* Info.plist */,
			);
			name = "Supporting Files";
			sourceTree = "<group>";
		};
/* End PBXGroup section */

/* Begin PBXNativeTarget section */
		D39018DC1B8AD3C6002D9B16 /* mapView3 */ = {
			isa = PBXNativeTarget;
			buildConfigurationList = D39019001B8AD3C6002D9B16 /* Build configuration list for PBXNativeTarget "mapView3" */;
			buildPhases = (
				D39018D91B8AD3C6002D9B16 /* Sources */,
				D39018DA1B8AD3C6002D9B16 /* Frameworks */,
				D39018DB1B8AD3C6002D9B16 /* Resources */,
			);
			buildRules = (
			);
			dependencies = (
			);
			name = mapView3;
			productName = mapView3;
			productReference = D39018DD1B8AD3C6002D9B16 /* mapView3.app */;
			productType = "com.apple.product-type.application";
		};
		D39018F51B8AD3C6002D9B16 /* mapView3Tests */ = {
			isa = PBXNativeTarget;
			buildConfigurationList = D39019031B8AD3C6002D9B16 /* Build configuration list for PBXNativeTarget "mapView3Tests" */;
			buildPhases = (
				D39018F21B8AD3C6002D9B16 /* Sources */,
				D39018F31B8AD3C6002D9B16 /* Frameworks */,
				D39018F41B8AD3C6002D9B16 /* Resources */,
			);
			buildRules = (
			);
			dependencies = (
				D39018F81B8AD3C6002D9B16 /* PBXTargetDependency */,
			);
			name = mapView3Tests;
			productName = mapView3Tests;
			productReference = D39018F61B8AD3C6002D9B16 /* mapView3Tests.xctest */;
			productType = "com.apple.product-type.bundle.unit-test";
		};
/* End PBXNativeTarget section */

/* Begin PBXProject section */
		D39018D51B8AD3C5002D9B16 /* Project object */ = {
			isa = PBXProject;
			attributes = {
				LastUpgradeCheck = 0640;
				ORGANIZATIONNAME = "Raunak Talwar";
				TargetAttributes = {
					D39018DC1B8AD3C6002D9B16 = {
						CreatedOnToolsVersion = 6.4;
					};
					D39018F51B8AD3C6002D9B16 = {
						CreatedOnToolsVersion = 6.4;
						TestTargetID = D39018DC1B8AD3C6002D9B16;
					};
				};
			};
			buildConfigurationList = D39018D81B8AD3C5002D9B16 /* Build configuration list for PBXProject "mapView3" */;
			compatibilityVersion = "Xcode 3.2";
			developmentRegion = English;
			hasScannedForEncodings = 0;
			knownRegions = (
				en,
				Base,
			);
			mainGroup = D39018D41B8AD3C5002D9B16;
			productRefGroup = D39018DE1B8AD3C6002D9B16 /* Products */;
			projectDirPath = "";
			projectRoot = "";
			targets = (
				D39018DC1B8AD3C6002D9B16 /* mapView3 */,
				D39018F51B8AD3C6002D9B16 /* mapView3Tests */,
			);
		};
/* End PBXProject section */

/* Begin PBXResourcesBuildPhase section */
		D39018DB1B8AD3C6002D9B16 /* Resources */ = {
			isa = PBXResourcesBuildPhase;
			buildActionMask = 2147483647;
			files = (
				D39018EC1B8AD3C6002D9B16 /* Main.storyboard in Resources */,
				D39018F11B8AD3C6002D9B16 /* LaunchScreen.xib in Resources */,
				D39018EE1B8AD3C6002D9B16 /* Images.xcassets in Resources */,
			);
			runOnlyForDeploymentPostprocessing = 0;
		};
		D39018F41B8AD3C6002D9B16 /* Resources */ = {
			isa = PBXResourcesBuildPhase;
			buildActionMask = 2147483647;
			files = (
			);
			runOnlyForDeploymentPostprocessing = 0;
		};
/* End PBXResourcesBuildPhase section */

/* Begin PBXSourcesBuildPhase section */
		D39018D91B8AD3C6002D9B16 /* Sources */ = {
			isa = PBXSourcesBuildPhase;
			buildActionMask = 2147483647;
			files = (
				D39018E91B8AD3C6002D9B16 /* ViewController.m in Sources */,
				D39018E61B8AD3C6002D9B16 /* AppDelegate.m in Sources */,
				D39018E31B8AD3C6002D9B16 /* main.m in Sources */,
			);
			runOnlyForDeploymentPostprocessing = 0;
		};
		D39018F21B8AD3C6002D9B16 /* Sources */ = {
			isa = PBXSourcesBuildPhase;
			buildActionMask = 2147483647;
			files = (
				D39018FD1B8AD3C6002D9B16 /* mapView3Tests.m in Sources */,
			);
			runOnlyForDeploymentPostprocessing = 0;
		};
/* End PBXSourcesBuildPhase section */

/* Begin PBXTargetDependency section */
		D39018F81B8AD3C6002D9B16 /* PBXTargetDependency */ = {
			isa = PBXTargetDependency;
			target = D39018DC1B8AD3C6002D9B16 /* mapView3 */;
			targetProxy = D39018F71B8AD3C6002D9B16 /* PBXContainerItemProxy */;
		};
/* End PBXTargetDependency section */

/* Begin PBXVariantGroup section */
		D39018EA1B8AD3C6002D9B16 /* Main.storyboard */ = {
			isa = PBXVariantGroup;
			children = (
				D39018EB1B8AD3C6002D9B16 /* Base */,
			);
			name = Main.storyboard;
			sourceTree = "<group>";
		};
		D39018EF1B8AD3C6002D9B16 /* LaunchScreen.xib */ = {
			isa = PBXVariantGroup;
			children = (
				D39018F01B8AD3C6002D9B16 /* Base */,
			);
			name = LaunchScreen.xib;
			sourceTree = "<group>";
		};
/* End PBXVariantGroup section */

/* Begin XCBuildConfiguration section */
		D39018FE1B8AD3C6002D9B16 /* Debug */ = {
			isa = XCBuildConfiguration;
			buildSettings = {
				ALWAYS_SEARCH_USER_PATHS = NO;
				CLANG_CXX_LANGUAGE_STANDARD = "gnu++0x";
				CLANG_CXX_LIBRARY = "libc++";
				CLANG_ENABLE_MODULES = YES;
				CLANG_ENABLE_OBJC_ARC = YES;
				CLANG_WARN_BOOL_CONVERSION = YES;
				CLANG_WARN_CONSTANT_CONVERSION = YES;
				CLANG_WARN_DIRECT_OBJC_ISA_USAGE = YES_ERROR;
				CLANG_WARN_EMPTY_BODY = YES;
				CLANG_WARN_ENUM_CONVERSION = YES;
				CLANG_WARN_INT_CONVERSION = YES;
				CLANG_WARN_OBJC_ROOT_CLASS = YES_ERROR;
				CLANG_WARN_UNREACHABLE_CODE = YES;
				CLANG_WARN__DUPLICATE_METHOD_MATCH = YES;
				"CODE_SIGN_IDENTITY[sdk=iphoneos*]" = "iPhone Developer";
				COPY_PHASE_STRIP = NO;
				DEBUG_INFORMATION_FORMAT = "dwarf-with-dsym";
				ENABLE_STRICT_OBJC_MSGSEND = YES;
				GCC_C_LANGUAGE_STANDARD = gnu99;
				GCC_DYNAMIC_NO_PIC = NO;
				GCC_NO_COMMON_BLOCKS = YES;
				GCC_OPTIMIZATION_LEVEL = 0;
				GCC_PREPROCESSOR_DEFINITIONS = (
					"DEBUG=1",
					"$(inherited)",
				);
				GCC_SYMBOLS_PRIVATE_EXTERN = NO;
				GCC_WARN_64_TO_32_BIT_CONVERSION = YES;
				GCC_WARN_ABOUT_RETURN_TYPE = YES_ERROR;
				GCC_WARN_UNDECLARED_SELECTOR = YES;
				GCC_WARN_UNINITIALIZED_AUTOS = YES_AGGRESSIVE;
				GCC_WARN_UNUSED_FUNCTION = YES;
				GCC_WARN_UNUSED_VARIABLE = YES;
				IPHONEOS_DEPLOYMENT_TARGET = 8.4;
				MTL_ENABLE_DEBUG_INFO = YES;
				ONLY_ACTIVE_ARCH = YES;
				SDKROOT = iphoneos;
				TARGETED_DEVICE_FAMILY = "1,2";
			};
			name = Debug;
		};
		D39018FF1B8AD3C6002D9B16 /* Release */ = {
			isa = XCBuildConfiguration;
			buildSettings = {
				ALWAYS_SEARCH_USER_PATHS = NO;
				CLANG_CXX_LANGUAGE_STANDARD = "gnu++0x";
				CLANG_CXX_LIBRARY = "libc++";
				CLANG_ENABLE_MODULES = YES;
				CLANG_ENABLE_OBJC_ARC = YES;
				CLANG_WARN_BOOL_CONVERSION = YES;
				CLANG_WARN_CONSTANT_CONVERSION = YES;
				CLANG_WARN_DIRECT_OBJC_ISA_USAGE = YES_ERROR;
				CLANG_WARN_EMPTY_BODY = YES;
				CLANG_WARN_ENUM_CONVERSION = YES;
				CLANG_WARN_INT_CONVERSION = YES;
				CLANG_WARN_OBJC_ROOT_CLASS = YES_ERROR;
				CLANG_WARN_UNREACHABLE_CODE = YES;
				CLANG_WARN__DUPLICATE_METHOD_MATCH = YES;
				"CODE_SIGN_IDENTITY[sdk=iphoneos*]" = "iPhone Developer";
				COPY_PHASE_STRIP = NO;
				DEBUG_INFORMATION_FORMAT = "dwarf-with-dsym";
				ENABLE_NS_ASSERTIONS = NO;
				ENABLE_STRICT_OBJC_MSGSEND = YES;
				GCC_C_LANGUAGE_STANDARD = gnu99;
				GCC_NO_COMMON_BLOCKS = YES;
				GCC_WARN_64_TO_32_BIT_CONVERSION = YES;
				GCC_WARN_ABOUT_RETURN_TYPE = YES_ERROR;
				GCC_WARN_UNDECLARED_SELECTOR = YES;
				GCC_WARN_UNINITIALIZED_AUTOS = YES_AGGRESSIVE;
				GCC_WARN_UNUSED_FUNCTION = YES;
				GCC_WARN_UNUSED_VARIABLE = YES;
				IPHONEOS_DEPLOYMENT_TARGET = 8.4;
				MTL_ENABLE_DEBUG_INFO = NO;
				SDKROOT = iphoneos;
				TARGETED_DEVICE_FAMILY = "1,2";
				VALIDATE_PRODUCT = YES;
			};
			name = Release;
		};
		D39019011B8AD3C6002D9B16 /* Debug */ = {
			isa = XCBuildConfiguration;
			buildSettings = {
				ASSETCATALOG_COMPILER_APPICON_NAME = AppIcon;
				INFOPLIST_FILE = mapView3/Info.plist;
				LD_RUNPATH_SEARCH_PATHS = "$(inherited) @executable_path/Frameworks";
				PRODUCT_NAME = "$(TARGET_NAME)";
			};
			name = Debug;
		};
		D39019021B8AD3C6002D9B16 /* Release */ = {
			isa = XCBuildConfiguration;
			buildSettings = {
				ASSETCATALOG_COMPILER_APPICON_NAME = AppIcon;
				INFOPLIST_FILE = mapView3/Info.plist;
				LD_RUNPATH_SEARCH_PATHS = "$(inherited) @executable_path/Frameworks";
				PRODUCT_NAME = "$(TARGET_NAME)";
			};
			name = Release;
		};
		D39019041B8AD3C6002D9B16 /* Debug */ = {
			isa = XCBuildConfiguration;
			buildSettings = {
				BUNDLE_LOADER = "$(TEST_HOST)";
				FRAMEWORK_SEARCH_PATHS = (
					"$(SDKROOT)/Developer/Library/Frameworks",
					"$(inherited)",
				);
				GCC_PREPROCESSOR_DEFINITIONS = (
					"DEBUG=1",
					"$(inherited)",
				);
				INFOPLIST_FILE = mapView3Tests/Info.plist;
				LD_RUNPATH_SEARCH_PATHS = "$(inherited) @executable_path/Frameworks @loader_path/Frameworks";
				PRODUCT_NAME = "$(TARGET_NAME)";
				TEST_HOST = "$(BUILT_PRODUCTS_DIR)/mapView3.app/mapView3";
			};
			name = Debug;
		};
		D39019051B8AD3C6002D9B16 /* Release */ = {
			isa = XCBuildConfiguration;
			buildSettings = {
				BUNDLE_LOADER = "$(TEST_HOST)";
				FRAMEWORK_SEARCH_PATHS = (
					"$(SDKROOT)/Developer/Library/Frameworks",
					"$(inherited)",
				);
				INFOPLIST_FILE = mapView3Tests/Info.plist;
				LD_RUNPATH_SEARCH_PATHS = "$(inherited) @executable_path/Frameworks @loader_path/Frameworks";
				PRODUCT_NAME = "$(TARGET_NAME)";
				TEST_HOST = "$(BUILT_PRODUCTS_DIR)/mapView3.app/mapView3";
			};
			name = Release;
		};
/* End XCBuildConfiguration section */

/* Begin XCConfigurationList section */
		D39018D81B8AD3C5002D9B16 /* Build configuration list for PBXProject "mapView3" */ = {
			isa = XCConfigurationList;
			buildConfigurations = (
				D39018FE1B8AD3C6002D9B16 /* Debug */,
				D39018FF1B8AD3C6002D9B16 /* Release */,
			);
			defaultConfigurationIsVisible = 0;
			defaultConfigurationName = Release;
		};
		D39019001B8AD3C6002D9B16 /* Build configuration list for PBXNativeTarget "mapView3" */ = {
			isa = XCConfigurationList;
			buildConfigurations = (
				D39019011B8AD3C6002D9B16 /* Debug */,
				D39019021B8AD3C6002D9B16 /* Release */,
			);
			defaultConfigurationIsVisible = 0;
		};
		D39019031B8AD3C6002D9B16 /* Build configuration list for PBXNativeTarget "mapView3Tests" */ = {
			isa = XCConfigurationList;
			buildConfigurations = (
				D39019041B8AD3C6002D9B16 /* Debug */,
				D39019051B8AD3C6002D9B16 /* Release */,
			);
			defaultConfigurationIsVisible = 0;
		};
/* End XCConfigurationList section */
	};
	rootObject = D39018D51B8AD3C5002D9B16 /* Project object */;
}
