// !$*UTF8*$!
{
	archiveVersion = 1;
	classes = {
	};
	objectVersion = 46;
	objects = {

/* Begin PBXBuildFile section */
		D39930471B9843E10042D5D1 /* AppDelegate.swift in Sources */ = {isa = PBXBuildFile; fileRef = D39930461B9843E10042D5D1 /* AppDelegate.swift */; };
		D39930491B9843E10042D5D1 /* ViewController.swift in Sources */ = {isa = PBXBuildFile; fileRef = D39930481B9843E10042D5D1 /* ViewController.swift */; };
		D399304C1B9843E10042D5D1 /* Main.storyboard in Resources */ = {isa = PBXBuildFile; fileRef = D399304A1B9843E10042D5D1 /* Main.storyboard */; };
		D399304E1B9843E10042D5D1 /* Assets.xcassets in Resources */ = {isa = PBXBuildFile; fileRef = D399304D1B9843E10042D5D1 /* Assets.xcassets */; };
		D39930511B9843E10042D5D1 /* LaunchScreen.storyboard in Resources */ = {isa = PBXBuildFile; fileRef = D399304F1B9843E10042D5D1 /* LaunchScreen.storyboard */; };
		D399305C1B9843E10042D5D1 /* Swift_Project2Tests.swift in Sources */ = {isa = PBXBuildFile; fileRef = D399305B1B9843E10042D5D1 /* Swift_Project2Tests.swift */; };
		D39930671B9843E20042D5D1 /* Swift_Project2UITests.swift in Sources */ = {isa = PBXBuildFile; fileRef = D39930661B9843E20042D5D1 /* Swift_Project2UITests.swift */; };
/* End PBXBuildFile section */

/* Begin PBXContainerItemProxy section */
		D39930581B9843E10042D5D1 /* PBXContainerItemProxy */ = {
			isa = PBXContainerItemProxy;
			containerPortal = D399303B1B9843E10042D5D1 /* Project object */;
			proxyType = 1;
			remoteGlobalIDString = D39930421B9843E10042D5D1;
			remoteInfo = "Swift-Project2";
		};
		D39930631B9843E20042D5D1 /* PBXContainerItemProxy */ = {
			isa = PBXContainerItemProxy;
			containerPortal = D399303B1B9843E10042D5D1 /* Project object */;
			proxyType = 1;
			remoteGlobalIDString = D39930421B9843E10042D5D1;
			remoteInfo = "Swift-Project2";
		};
/* End PBXContainerItemProxy section */

/* Begin PBXFileReference section */
		D39930431B9843E10042D5D1 /* Swift-Project2.app */ = {isa = PBXFileReference; explicitFileType = wrapper.application; includeInIndex = 0; path = "Swift-Project2.app"; sourceTree = BUILT_PRODUCTS_DIR; };
		D39930461B9843E10042D5D1 /* AppDelegate.swift */ = {isa = PBXFileReference; lastKnownFileType = sourcecode.swift; path = AppDelegate.swift; sourceTree = "<group>"; };
		D39930481B9843E10042D5D1 /* ViewController.swift */ = {isa = PBXFileReference; lastKnownFileType = sourcecode.swift; path = ViewController.swift; sourceTree = "<group>"; };
		D399304B1B9843E10042D5D1 /* Base */ = {isa = PBXFileReference; lastKnownFileType = file.storyboard; name = Base; path = Base.lproj/Main.storyboard; sourceTree = "<group>"; };
		D399304D1B9843E10042D5D1 /* Assets.xcassets */ = {isa = PBXFileReference; lastKnownFileType = folder.assetcatalog; path = Assets.xcassets; sourceTree = "<group>"; };
		D39930501B9843E10042D5D1 /* Base */ = {isa = PBXFileReference; lastKnownFileType = file.storyboard; name = Base; path = Base.lproj/LaunchScreen.storyboard; sourceTree = "<group>"; };
		D39930521B9843E10042D5D1 /* Info.plist */ = {isa = PBXFileReference; lastKnownFileType = text.plist.xml; path = Info.plist; sourceTree = "<group>"; };
		D39930571B9843E10042D5D1 /* Swift-Project2Tests.xctest */ = {isa = PBXFileReference; explicitFileType = wrapper.cfbundle; includeInIndex = 0; path = "Swift-Project2Tests.xctest"; sourceTree = BUILT_PRODUCTS_DIR; };
		D399305B1B9843E10042D5D1 /* Swift_Project2Tests.swift */ = {isa = PBXFileReference; lastKnownFileType = sourcecode.swift; path = Swift_Project2Tests.swift; sourceTree = "<group>"; };
		D399305D1B9843E10042D5D1 /* Info.plist */ = {isa = PBXFileReference; lastKnownFileType = text.plist.xml; path = Info.plist; sourceTree = "<group>"; };
		D39930621B9843E20042D5D1 /* Swift-Project2UITests.xctest */ = {isa = PBXFileReference; explicitFileType = wrapper.cfbundle; includeInIndex = 0; path = "Swift-Project2UITests.xctest"; sourceTree = BUILT_PRODUCTS_DIR; };
		D39930661B9843E20042D5D1 /* Swift_Project2UITests.swift */ = {isa = PBXFileReference; lastKnownFileType = sourcecode.swift; path = Swift_Project2UITests.swift; sourceTree = "<group>"; };
		D39930681B9843E20042D5D1 /* Info.plist */ = {isa = PBXFileReference; lastKnownFileType = text.plist.xml; path = Info.plist; sourceTree = "<group>"; };
/* End PBXFileReference section */

/* Begin PBXFrameworksBuildPhase section */
		D39930401B9843E10042D5D1 /* Frameworks */ = {
			isa = PBXFrameworksBuildPhase;
			buildActionMask = 2147483647;
			files = (
			);
			runOnlyForDeploymentPostprocessing = 0;
		};
		D39930541B9843E10042D5D1 /* Frameworks */ = {
			isa = PBXFrameworksBuildPhase;
			buildActionMask = 2147483647;
			files = (
			);
			runOnlyForDeploymentPostprocessing = 0;
		};
		D399305F1B9843E20042D5D1 /* Frameworks */ = {
			isa = PBXFrameworksBuildPhase;
			buildActionMask = 2147483647;
			files = (
			);
			runOnlyForDeploymentPostprocessing = 0;
		};
/* End PBXFrameworksBuildPhase section */

/* Begin PBXGroup section */
		D399303A1B9843E10042D5D1 = {
			isa = PBXGroup;
			children = (
				D39930451B9843E10042D5D1 /* Swift-Project2 */,
				D399305A1B9843E10042D5D1 /* Swift-Project2Tests */,
				D39930651B9843E20042D5D1 /* Swift-Project2UITests */,
				D39930441B9843E10042D5D1 /* Products */,
			);
			sourceTree = "<group>";
		};
		D39930441B9843E10042D5D1 /* Products */ = {
			isa = PBXGroup;
			children = (
				D39930431B9843E10042D5D1 /* Swift-Project2.app */,
				D39930571B9843E10042D5D1 /* Swift-Project2Tests.xctest */,
				D39930621B9843E20042D5D1 /* Swift-Project2UITests.xctest */,
			);
			name = Products;
			sourceTree = "<group>";
		};
		D39930451B9843E10042D5D1 /* Swift-Project2 */ = {
			isa = PBXGroup;
			children = (
				D39930461B9843E10042D5D1 /* AppDelegate.swift */,
				D39930481B9843E10042D5D1 /* ViewController.swift */,
				D399304A1B9843E10042D5D1 /* Main.storyboard */,
				D399304D1B9843E10042D5D1 /* Assets.xcassets */,
				D399304F1B9843E10042D5D1 /* LaunchScreen.storyboard */,
				D39930521B9843E10042D5D1 /* Info.plist */,
			);
			path = "Swift-Project2";
			sourceTree = "<group>";
		};
		D399305A1B9843E10042D5D1 /* Swift-Project2Tests */ = {
			isa = PBXGroup;
			children = (
				D399305B1B9843E10042D5D1 /* Swift_Project2Tests.swift */,
				D399305D1B9843E10042D5D1 /* Info.plist */,
			);
			path = "Swift-Project2Tests";
			sourceTree = "<group>";
		};
		D39930651B9843E20042D5D1 /* Swift-Project2UITests */ = {
			isa = PBXGroup;
			children = (
				D39930661B9843E20042D5D1 /* Swift_Project2UITests.swift */,
				D39930681B9843E20042D5D1 /* Info.plist */,
			);
			path = "Swift-Project2UITests";
			sourceTree = "<group>";
		};
/* End PBXGroup section */

/* Begin PBXNativeTarget section */
		D39930421B9843E10042D5D1 /* Swift-Project2 */ = {
			isa = PBXNativeTarget;
			buildConfigurationList = D399306B1B9843E20042D5D1 /* Build configuration list for PBXNativeTarget "Swift-Project2" */;
			buildPhases = (
				D399303F1B9843E10042D5D1 /* Sources */,
				D39930401B9843E10042D5D1 /* Frameworks */,
				D39930411B9843E10042D5D1 /* Resources */,
			);
			buildRules = (
			);
			dependencies = (
			);
			name = "Swift-Project2";
			productName = "Swift-Project2";
			productReference = D39930431B9843E10042D5D1 /* Swift-Project2.app */;
			productType = "com.apple.product-type.application";
		};
		D39930561B9843E10042D5D1 /* Swift-Project2Tests */ = {
			isa = PBXNativeTarget;
			buildConfigurationList = D399306E1B9843E20042D5D1 /* Build configuration list for PBXNativeTarget "Swift-Project2Tests" */;
			buildPhases = (
				D39930531B9843E10042D5D1 /* Sources */,
				D39930541B9843E10042D5D1 /* Frameworks */,
				D39930551B9843E10042D5D1 /* Resources */,
			);
			buildRules = (
			);
			dependencies = (
				D39930591B9843E10042D5D1 /* PBXTargetDependency */,
			);
			name = "Swift-Project2Tests";
			productName = "Swift-Project2Tests";
			productReference = D39930571B9843E10042D5D1 /* Swift-Project2Tests.xctest */;
			productType = "com.apple.product-type.bundle.unit-test";
		};
		D39930611B9843E20042D5D1 /* Swift-Project2UITests */ = {
			isa = PBXNativeTarget;
			buildConfigurationList = D39930711B9843E20042D5D1 /* Build configuration list for PBXNativeTarget "Swift-Project2UITests" */;
			buildPhases = (
				D399305E1B9843E20042D5D1 /* Sources */,
				D399305F1B9843E20042D5D1 /* Frameworks */,
				D39930601B9843E20042D5D1 /* Resources */,
			);
			buildRules = (
			);
			dependencies = (
				D39930641B9843E20042D5D1 /* PBXTargetDependency */,
			);
			name = "Swift-Project2UITests";
			productName = "Swift-Project2UITests";
			productReference = D39930621B9843E20042D5D1 /* Swift-Project2UITests.xctest */;
			productType = "com.apple.product-type.bundle.ui-testing";
		};
/* End PBXNativeTarget section */

/* Begin PBXProject section */
		D399303B1B9843E10042D5D1 /* Project object */ = {
			isa = PBXProject;
			attributes = {
				LastUpgradeCheck = 0700;
				ORGANIZATIONNAME = "Raunak Talwar";
				TargetAttributes = {
					D39930421B9843E10042D5D1 = {
						CreatedOnToolsVersion = 7.0;
					};
					D39930561B9843E10042D5D1 = {
						CreatedOnToolsVersion = 7.0;
						TestTargetID = D39930421B9843E10042D5D1;
					};
					D39930611B9843E20042D5D1 = {
						CreatedOnToolsVersion = 7.0;
						TestTargetID = D39930421B9843E10042D5D1;
					};
				};
			};
			buildConfigurationList = D399303E1B9843E10042D5D1 /* Build configuration list for PBXProject "Swift-Project2" */;
			compatibilityVersion = "Xcode 3.2";
			developmentRegion = English;
			hasScannedForEncodings = 0;
			knownRegions = (
				en,
				Base,
			);
			mainGroup = D399303A1B9843E10042D5D1;
			productRefGroup = D39930441B9843E10042D5D1 /* Products */;
			projectDirPath = "";
			projectRoot = "";
			targets = (
				D39930421B9843E10042D5D1 /* Swift-Project2 */,
				D39930561B9843E10042D5D1 /* Swift-Project2Tests */,
				D39930611B9843E20042D5D1 /* Swift-Project2UITests */,
			);
		};
/* End PBXProject section */

/* Begin PBXResourcesBuildPhase section */
		D39930411B9843E10042D5D1 /* Resources */ = {
			isa = PBXResourcesBuildPhase;
			buildActionMask = 2147483647;
			files = (
				D39930511B9843E10042D5D1 /* LaunchScreen.storyboard in Resources */,
				D399304E1B9843E10042D5D1 /* Assets.xcassets in Resources */,
				D399304C1B9843E10042D5D1 /* Main.storyboard in Resources */,
			);
			runOnlyForDeploymentPostprocessing = 0;
		};
		D39930551B9843E10042D5D1 /* Resources */ = {
			isa = PBXResourcesBuildPhase;
			buildActionMask = 2147483647;
			files = (
			);
			runOnlyForDeploymentPostprocessing = 0;
		};
		D39930601B9843E20042D5D1 /* Resources */ = {
			isa = PBXResourcesBuildPhase;
			buildActionMask = 2147483647;
			files = (
			);
			runOnlyForDeploymentPostprocessing = 0;
		};
/* End PBXResourcesBuildPhase section */

/* Begin PBXSourcesBuildPhase section */
		D399303F1B9843E10042D5D1 /* Sources */ = {
			isa = PBXSourcesBuildPhase;
			buildActionMask = 2147483647;
			files = (
				D39930491B9843E10042D5D1 /* ViewController.swift in Sources */,
				D39930471B9843E10042D5D1 /* AppDelegate.swift in Sources */,
			);
			runOnlyForDeploymentPostprocessing = 0;
		};
		D39930531B9843E10042D5D1 /* Sources */ = {
			isa = PBXSourcesBuildPhase;
			buildActionMask = 2147483647;
			files = (
				D399305C1B9843E10042D5D1 /* Swift_Project2Tests.swift in Sources */,
			);
			runOnlyForDeploymentPostprocessing = 0;
		};
		D399305E1B9843E20042D5D1 /* Sources */ = {
			isa = PBXSourcesBuildPhase;
			buildActionMask = 2147483647;
			files = (
				D39930671B9843E20042D5D1 /* Swift_Project2UITests.swift in Sources */,
			);
			runOnlyForDeploymentPostprocessing = 0;
		};
/* End PBXSourcesBuildPhase section */

/* Begin PBXTargetDependency section */
		D39930591B9843E10042D5D1 /* PBXTargetDependency */ = {
			isa = PBXTargetDependency;
			target = D39930421B9843E10042D5D1 /* Swift-Project2 */;
			targetProxy = D39930581B9843E10042D5D1 /* PBXContainerItemProxy */;
		};
		D39930641B9843E20042D5D1 /* PBXTargetDependency */ = {
			isa = PBXTargetDependency;
			target = D39930421B9843E10042D5D1 /* Swift-Project2 */;
			targetProxy = D39930631B9843E20042D5D1 /* PBXContainerItemProxy */;
		};
/* End PBXTargetDependency section */

/* Begin PBXVariantGroup section */
		D399304A1B9843E10042D5D1 /* Main.storyboard */ = {
			isa = PBXVariantGroup;
			children = (
				D399304B1B9843E10042D5D1 /* Base */,
			);
			name = Main.storyboard;
			sourceTree = "<group>";
		};
		D399304F1B9843E10042D5D1 /* LaunchScreen.storyboard */ = {
			isa = PBXVariantGroup;
			children = (
				D39930501B9843E10042D5D1 /* Base */,
			);
			name = LaunchScreen.storyboard;
			sourceTree = "<group>";
		};
/* End PBXVariantGroup section */

/* Begin XCBuildConfiguration section */
		D39930691B9843E20042D5D1 /* Debug */ = {
			isa = XCBuildConfiguration;
			buildSettings = {
				ALWAYS_SEARCH_USER_PATHS = NO;
				CLANG_CXX_LANGUAGE_STANDARD = "gnu++0x";
				CLANG_CXX_LIBRARY = "libc++";
				CLANG_ENABLE_MODULES = YES;
				CLANG_ENABLE_OBJC_ARC = YES;
				CLANG_WARN_BOOL_CONVERSION = YES;
				CLANG_WARN_CONSTANT_CONVERSION = YES;
				CLANG_WARN_DIRECT_OBJC_ISA_USAGE = YES_ERROR;
				CLANG_WARN_EMPTY_BODY = YES;
				CLANG_WARN_ENUM_CONVERSION = YES;
				CLANG_WARN_INT_CONVERSION = YES;
				CLANG_WARN_OBJC_ROOT_CLASS = YES_ERROR;
				CLANG_WARN_UNREACHABLE_CODE = YES;
				CLANG_WARN__DUPLICATE_METHOD_MATCH = YES;
				"CODE_SIGN_IDENTITY[sdk=iphoneos*]" = "iPhone Developer";
				COPY_PHASE_STRIP = NO;
				DEBUG_INFORMATION_FORMAT = dwarf;
				ENABLE_STRICT_OBJC_MSGSEND = YES;
				ENABLE_TESTABILITY = YES;
				GCC_C_LANGUAGE_STANDARD = gnu99;
				GCC_DYNAMIC_NO_PIC = NO;
				GCC_NO_COMMON_BLOCKS = YES;
				GCC_OPTIMIZATION_LEVEL = 0;
				GCC_PREPROCESSOR_DEFINITIONS = (
					"DEBUG=1",
					"$(inherited)",
				);
				GCC_WARN_64_TO_32_BIT_CONVERSION = YES;
				GCC_WARN_ABOUT_RETURN_TYPE = YES_ERROR;
				GCC_WARN_UNDECLARED_SELECTOR = YES;
				GCC_WARN_UNINITIALIZED_AUTOS = YES_AGGRESSIVE;
				GCC_WARN_UNUSED_FUNCTION = YES;
				GCC_WARN_UNUSED_VARIABLE = YES;
				IPHONEOS_DEPLOYMENT_TARGET = 9.0;
				MTL_ENABLE_DEBUG_INFO = YES;
				ONLY_ACTIVE_ARCH = YES;
				SDKROOT = iphoneos;
				SWIFT_OPTIMIZATION_LEVEL = "-Onone";
				TARGETED_DEVICE_FAMILY = "1,2";
			};
			name = Debug;
		};
		D399306A1B9843E20042D5D1 /* Release */ = {
			isa = XCBuildConfiguration;
			buildSettings = {
				ALWAYS_SEARCH_USER_PATHS = NO;
				CLANG_CXX_LANGUAGE_STANDARD = "gnu++0x";
				CLANG_CXX_LIBRARY = "libc++";
				CLANG_ENABLE_MODULES = YES;
				CLANG_ENABLE_OBJC_ARC = YES;
				CLANG_WARN_BOOL_CONVERSION = YES;
				CLANG_WARN_CONSTANT_CONVERSION = YES;
				CLANG_WARN_DIRECT_OBJC_ISA_USAGE = YES_ERROR;
				CLANG_WARN_EMPTY_BODY = YES;
				CLANG_WARN_ENUM_CONVERSION = YES;
				CLANG_WARN_INT_CONVERSION = YES;
				CLANG_WARN_OBJC_ROOT_CLASS = YES_ERROR;
				CLANG_WARN_UNREACHABLE_CODE = YES;
				CLANG_WARN__DUPLICATE_METHOD_MATCH = YES;
				"CODE_SIGN_IDENTITY[sdk=iphoneos*]" = "iPhone Developer";
				COPY_PHASE_STRIP = NO;
				DEBUG_INFORMATION_FORMAT = "dwarf-with-dsym";
				ENABLE_NS_ASSERTIONS = NO;
				ENABLE_STRICT_OBJC_MSGSEND = YES;
				GCC_C_LANGUAGE_STANDARD = gnu99;
				GCC_NO_COMMON_BLOCKS = YES;
				GCC_WARN_64_TO_32_BIT_CONVERSION = YES;
				GCC_WARN_ABOUT_RETURN_TYPE = YES_ERROR;
				GCC_WARN_UNDECLARED_SELECTOR = YES;
				GCC_WARN_UNINITIALIZED_AUTOS = YES_AGGRESSIVE;
				GCC_WARN_UNUSED_FUNCTION = YES;
				GCC_WARN_UNUSED_VARIABLE = YES;
				IPHONEOS_DEPLOYMENT_TARGET = 9.0;
				MTL_ENABLE_DEBUG_INFO = NO;
				SDKROOT = iphoneos;
				TARGETED_DEVICE_FAMILY = "1,2";
				VALIDATE_PRODUCT = YES;
			};
			name = Release;
		};
		D399306C1B9843E20042D5D1 /* Debug */ = {
			isa = XCBuildConfiguration;
			buildSettings = {
				ASSETCATALOG_COMPILER_APPICON_NAME = AppIcon;
				INFOPLIST_FILE = "Swift-Project2/Info.plist";
				LD_RUNPATH_SEARCH_PATHS = "$(inherited) @executable_path/Frameworks";
				PRODUCT_BUNDLE_IDENTIFIER = "com.example.Swift-Project2";
				PRODUCT_NAME = "$(TARGET_NAME)";
			};
			name = Debug;
		};
		D399306D1B9843E20042D5D1 /* Release */ = {
			isa = XCBuildConfiguration;
			buildSettings = {
				ASSETCATALOG_COMPILER_APPICON_NAME = AppIcon;
				INFOPLIST_FILE = "Swift-Project2/Info.plist";
				LD_RUNPATH_SEARCH_PATHS = "$(inherited) @executable_path/Frameworks";
				PRODUCT_BUNDLE_IDENTIFIER = "com.example.Swift-Project2";
				PRODUCT_NAME = "$(TARGET_NAME)";
			};
			name = Release;
		};
		D399306F1B9843E20042D5D1 /* Debug */ = {
			isa = XCBuildConfiguration;
			buildSettings = {
				BUNDLE_LOADER = "$(TEST_HOST)";
				INFOPLIST_FILE = "Swift-Project2Tests/Info.plist";
				LD_RUNPATH_SEARCH_PATHS = "$(inherited) @executable_path/Frameworks @loader_path/Frameworks";
				PRODUCT_BUNDLE_IDENTIFIER = "com.example.Swift-Project2Tests";
				PRODUCT_NAME = "$(TARGET_NAME)";
				TEST_HOST = "$(BUILT_PRODUCTS_DIR)/Swift-Project2.app/Swift-Project2";
			};
			name = Debug;
		};
		D39930701B9843E20042D5D1 /* Release */ = {
			isa = XCBuildConfiguration;
			buildSettings = {
				BUNDLE_LOADER = "$(TEST_HOST)";
				INFOPLIST_FILE = "Swift-Project2Tests/Info.plist";
				LD_RUNPATH_SEARCH_PATHS = "$(inherited) @executable_path/Frameworks @loader_path/Frameworks";
				PRODUCT_BUNDLE_IDENTIFIER = "com.example.Swift-Project2Tests";
				PRODUCT_NAME = "$(TARGET_NAME)";
				TEST_HOST = "$(BUILT_PRODUCTS_DIR)/Swift-Project2.app/Swift-Project2";
			};
			name = Release;
		};
		D39930721B9843E20042D5D1 /* Debug */ = {
			isa = XCBuildConfiguration;
			buildSettings = {
				INFOPLIST_FILE = "Swift-Project2UITests/Info.plist";
				LD_RUNPATH_SEARCH_PATHS = "$(inherited) @executable_path/Frameworks @loader_path/Frameworks";
				PRODUCT_BUNDLE_IDENTIFIER = "com.example.Swift-Project2UITests";
				PRODUCT_NAME = "$(TARGET_NAME)";
				TEST_TARGET_NAME = "Swift-Project2";
				USES_XCTRUNNER = YES;
			};
			name = Debug;
		};
		D39930731B9843E20042D5D1 /* Release */ = {
			isa = XCBuildConfiguration;
			buildSettings = {
				INFOPLIST_FILE = "Swift-Project2UITests/Info.plist";
				LD_RUNPATH_SEARCH_PATHS = "$(inherited) @executable_path/Frameworks @loader_path/Frameworks";
				PRODUCT_BUNDLE_IDENTIFIER = "com.example.Swift-Project2UITests";
				PRODUCT_NAME = "$(TARGET_NAME)";
				TEST_TARGET_NAME = "Swift-Project2";
				USES_XCTRUNNER = YES;
			};
			name = Release;
		};
/* End XCBuildConfiguration section */

/* Begin XCConfigurationList section */
		D399303E1B9843E10042D5D1 /* Build configuration list for PBXProject "Swift-Project2" */ = {
			isa = XCConfigurationList;
			buildConfigurations = (
				D39930691B9843E20042D5D1 /* Debug */,
				D399306A1B9843E20042D5D1 /* Release */,
			);
			defaultConfigurationIsVisible = 0;
			defaultConfigurationName = Release;
		};
		D399306B1B9843E20042D5D1 /* Build configuration list for PBXNativeTarget "Swift-Project2" */ = {
			isa = XCConfigurationList;
			buildConfigurations = (
				D399306C1B9843E20042D5D1 /* Debug */,
				D399306D1B9843E20042D5D1 /* Release */,
			);
			defaultConfigurationIsVisible = 0;
		};
		D399306E1B9843E20042D5D1 /* Build configuration list for PBXNativeTarget "Swift-Project2Tests" */ = {
			isa = XCConfigurationList;
			buildConfigurations = (
				D399306F1B9843E20042D5D1 /* Debug */,
				D39930701B9843E20042D5D1 /* Release */,
			);
			defaultConfigurationIsVisible = 0;
		};
		D39930711B9843E20042D5D1 /* Build configuration list for PBXNativeTarget "Swift-Project2UITests" */ = {
			isa = XCConfigurationList;
			buildConfigurations = (
				D39930721B9843E20042D5D1 /* Debug */,
				D39930731B9843E20042D5D1 /* Release */,
			);
			defaultConfigurationIsVisible = 0;
		};
/* End XCConfigurationList section */
	};
	rootObject = D399303B1B9843E10042D5D1 /* Project object */;
}
